{
  "name": "flamegraph-talk",
  "version": "1.0.0",
  "lockfileVersion": 2,
  "requires": true,
  "packages": {
    "": {
      "name": "flamegraph-talk",
      "version": "1.0.0",
      "license": "ISC",
      "dependencies": {
        "speedscope": "^1.15.0"
      }
    },
    "node_modules/is-docker": {
      "version": "2.2.1",
      "resolved": "https://registry.npmjs.org/is-docker/-/is-docker-2.2.1.tgz",
      "integrity": "sha512-F+i2BKsFrH66iaUFc0woD8sLy8getkwTwtOBjvs56Cx4CgJDeKQeqfz8wAYiSb8JOprWhHH5p77PbmYCvvUuXQ==",
      "bin": {
        "is-docker": "cli.js"
      },
      "engines": {
        "node": ">=8"
      },
      "funding": {
        "url": "https://github.com/sponsors/sindresorhus"
      }
    },
    "node_modules/is-wsl": {
      "version": "2.2.0",
      "resolved": "https://registry.npmjs.org/is-wsl/-/is-wsl-2.2.0.tgz",
      "integrity": "sha512-fKzAra0rGJUUBwGBgNkHZuToZcn+TtXHpeCgmkMJMMYx1sQDYaCSyjJBSCa2nH1DGm7s3n1oBnohoVTBaN7Lww==",
      "dependencies": {
        "is-docker": "^2.0.0"
      },
      "engines": {
        "node": ">=8"
      }
    },
    "node_modules/open": {
      "version": "7.2.0",
      "resolved": "https://registry.npmjs.org/open/-/open-7.2.0.tgz",
      "integrity": "sha512-4HeyhxCvBTI5uBePsAdi55C5fmqnWZ2e2MlmvWi5KW5tdH5rxoiv/aMtbeVxKZc3eWkT1GymMnLG8XC4Rq4TDQ==",
      "dependencies": {
        "is-docker": "^2.0.0",
        "is-wsl": "^2.1.1"
      },
      "engines": {
        "node": ">=8"
      },
      "funding": {
        "url": "https://github.com/sponsors/sindresorhus"
      }
    },
    "node_modules/speedscope": {
      "version": "1.15.0",
      "resolved": "https://registry.npmjs.org/speedscope/-/speedscope-1.15.0.tgz",
      "integrity": "sha512-MHvlCBGi0arU8LG+rsz052r5Kph9xLfKiAL4psyp8Cp1rh9hpyey/bRHYR2wreQQqMpM/zeDlfXfHUSBwIpxCA==",
      "dependencies": {
        "open": "7.2.0"
      },
      "bin": {
        "speedscope": "bin/cli.js"
      }
    }
  },
  "dependencies": {
    "is-docker": {
      "version": "2.2.1",
      "resolved": "https://registry.npmjs.org/is-docker/-/is-docker-2.2.1.tgz",
      "integrity": "sha512-F+i2BKsFrH66iaUFc0woD8sLy8getkwTwtOBjvs56Cx4CgJDeKQeqfz8wAYiSb8JOprWhHH5p77PbmYCvvUuXQ=="
    },
    "is-wsl": {
      "version": "2.2.0",
      "resolved": "https://registry.npmjs.org/is-wsl/-/is-wsl-2.2.0.tgz",
      "integrity": "sha512-fKzAra0rGJUUBwGBgNkHZuToZcn+TtXHpeCgmkMJMMYx1sQDYaCSyjJBSCa2nH1DGm7s3n1oBnohoVTBaN7Lww==",
      "requires": {
        "is-docker": "^2.0.0"
      }
    },
    "open": {
      "version": "7.2.0",
      "resolved": "https://registry.npmjs.org/open/-/open-7.2.0.tgz",
      "integrity": "sha512-4HeyhxCvBTI5uBePsAdi55C5fmqnWZ2e2MlmvWi5KW5tdH5rxoiv/aMtbeVxKZc3eWkT1GymMnLG8XC4Rq4TDQ==",
      "requires": {
        "is-docker": "^2.0.0",
        "is-wsl": "^2.1.1"
      }
    },
    "speedscope": {
      "version": "1.15.0",
      "resolved": "https://registry.npmjs.org/speedscope/-/speedscope-1.15.0.tgz",
      "integrity": "sha512-MHvlCBGi0arU8LG+rsz052r5Kph9xLfKiAL4psyp8Cp1rh9hpyey/bRHYR2wreQQqMpM/zeDlfXfHUSBwIpxCA==",
      "requires": {
        "open": "7.2.0"
      }
    }
  }
}
